# This file is automatically @generated by Cargo.
# It is not intended for manual editing.
version = 3

[[package]]
name = "atp-adapters"
version = "0.1.0"
dependencies = [
 "atp-types",
]

[[package]]
name = "atp-data"
version = "0.1.0"
dependencies = [
 "atp-types",
]

[[package]]
name = "atp-execution"
version = "0.1.0"
dependencies = [
 "atp-data",
 "atp-strategy-engine",
 "atp-types",
]

[[package]]
name = "atp-factor-pipeline"
version = "0.1.0"
dependencies = [
 "atp-data",
 "atp-types",
]

[[package]]
name = "atp-market-data"
version = "0.1.0"
dependencies = [
 "atp-types",
]

[[package]]
name = "atp-notification"
version = "0.1.0"
dependencies = [
 "atp-types",
]

[[package]]
name = "atp-orchestrator"
version = "0.1.0"
dependencies = [
 "atp-adapters",
 "atp-execution",
 "atp-notification",
 "atp-simulation",
 "atp-types",
]

[[package]]
name = "atp-simulation"
version = "0.1.0"
dependencies = [
 "atp-data",
 "atp-strategy-engine",
 "atp-types",
]

[[package]]
name = "atp-strategy-engine"
version = "0.1.0"
dependencies = [
 "atp-data",
 "atp-types",
]

[[package]]
name = "atp-types"
version = "0.1.0"
